
Microsoft Visual Studio Solution File, Format Version 12.00
# Visual Studio 14
VisualStudioVersion = 14.0.24720.0
MinimumVisualStudioVersion = 10.0.40219.1
Project("{2150E333-8FDC-42A3-9474-1A3956D46DE8}") = "Solution Items", "Solution Items", "{2DC0A215-552B-4CC7-8E56-F2D2086EB366}"
	ProjectSection(SolutionItems) = preProject
		笔记\c++.md = 笔记\c++.md
	EndProjectSection
EndProject
Project("{8BC9CEB8-8B4A-11D0-8D11-00A0C91BC942}") = "Prj82", "Prj82\Prj82.vcxproj", "{CA3D9605-1D56-47E9-AA17-F50DC1ECCC0B}"
EndProject
Project("{8BC9CEB8-8B4A-11D0-8D11-00A0C91BC942}") = "Project3", "Project3\Project3.vcxproj", "{4FE12627-CD73-4C07-AB38-9BA124AFFF1A}"
EndProject
Project("{8BC9CEB8-8B4A-11D0-8D11-00A0C91BC942}") = "Prj86", "Prj86\Prj86.vcxproj", "{EEE05986-9C0F-438F-8D71-0291DCD626C5}"
EndProject
Project("{8BC9CEB8-8B4A-11D0-8D11-00A0C91BC942}") = "SortBT_1", "SortBT_1\SortBT_1.vcxproj", "{014FAB36-16EB-47BC-8DC7-7B1368FBBCBB}"
EndProject
Project("{8BC9CEB8-8B4A-11D0-8D11-00A0C91BC942}") = "Prj89全局_局部", "Prj89全局_局部\Prj89全局_局部.vcxproj", "{B1937C8B-EF58-4E2D-98BF-46B992AB051A}"
EndProject
Project("{8BC9CEB8-8B4A-11D0-8D11-00A0C91BC942}") = "ConsoleApplication89", "ConsoleApplication89\ConsoleApplication89.vcxproj", "{4CF3D2BE-943D-4829-84BE-9C159BD3597C}"
EndProject
Project("{8BC9CEB8-8B4A-11D0-8D11-00A0C91BC942}") = "Prj91", "Prj91\Prj91.vcxproj", "{366B86B6-BFED-4DF5-91F0-0A6F472C53CA}"
EndProject
Project("{8BC9CEB8-8B4A-11D0-8D11-00A0C91BC942}") = "ConsoleApplication91", "ConsoleApplication91\ConsoleApplication91.vcxproj", "{CB85DA52-D274-4956-99D9-43EEBDD25173}"
EndProject
Global
	GlobalSection(SolutionConfigurationPlatforms) = preSolution
		Debug|x64 = Debug|x64
		Debug|x86 = Debug|x86
		Release|x64 = Release|x64
		Release|x86 = Release|x86
	EndGlobalSection
	GlobalSection(ProjectConfigurationPlatforms) = postSolution
		{CA3D9605-1D56-47E9-AA17-F50DC1ECCC0B}.Debug|x64.ActiveCfg = Debug|x64
		{CA3D9605-1D56-47E9-AA17-F50DC1ECCC0B}.Debug|x64.Build.0 = Debug|x64
		{CA3D9605-1D56-47E9-AA17-F50DC1ECCC0B}.Debug|x86.ActiveCfg = Debug|Win32
		{CA3D9605-1D56-47E9-AA17-F50DC1ECCC0B}.Debug|x86.Build.0 = Debug|Win32
		{CA3D9605-1D56-47E9-AA17-F50DC1ECCC0B}.Release|x64.ActiveCfg = Release|x64
		{CA3D9605-1D56-47E9-AA17-F50DC1ECCC0B}.Release|x64.Build.0 = Release|x64
		{CA3D9605-1D56-47E9-AA17-F50DC1ECCC0B}.Release|x86.ActiveCfg = Release|Win32
		{CA3D9605-1D56-47E9-AA17-F50DC1ECCC0B}.Release|x86.Build.0 = Release|Win32
		{4FE12627-CD73-4C07-AB38-9BA124AFFF1A}.Debug|x64.ActiveCfg = Debug|x64
		{4FE12627-CD73-4C07-AB38-9BA124AFFF1A}.Debug|x64.Build.0 = Debug|x64
		{4FE12627-CD73-4C07-AB38-9BA124AFFF1A}.Debug|x86.ActiveCfg = Debug|Win32
		{4FE12627-CD73-4C07-AB38-9BA124AFFF1A}.Debug|x86.Build.0 = Debug|Win32
		{4FE12627-CD73-4C07-AB38-9BA124AFFF1A}.Release|x64.ActiveCfg = Release|x64
		{4FE12627-CD73-4C07-AB38-9BA124AFFF1A}.Release|x64.Build.0 = Release|x64
		{4FE12627-CD73-4C07-AB38-9BA124AFFF1A}.Release|x86.ActiveCfg = Release|Win32
		{4FE12627-CD73-4C07-AB38-9BA124AFFF1A}.Release|x86.Build.0 = Release|Win32
		{EEE05986-9C0F-438F-8D71-0291DCD626C5}.Debug|x64.ActiveCfg = Debug|x64
		{EEE05986-9C0F-438F-8D71-0291DCD626C5}.Debug|x64.Build.0 = Debug|x64
		{EEE05986-9C0F-438F-8D71-0291DCD626C5}.Debug|x86.ActiveCfg = Debug|Win32
		{EEE05986-9C0F-438F-8D71-0291DCD626C5}.Debug|x86.Build.0 = Debug|Win32
		{EEE05986-9C0F-438F-8D71-0291DCD626C5}.Release|x64.ActiveCfg = Release|x64
		{EEE05986-9C0F-438F-8D71-0291DCD626C5}.Release|x64.Build.0 = Release|x64
		{EEE05986-9C0F-438F-8D71-0291DCD626C5}.Release|x86.ActiveCfg = Release|Win32
		{EEE05986-9C0F-438F-8D71-0291DCD626C5}.Release|x86.Build.0 = Release|Win32
		{014FAB36-16EB-47BC-8DC7-7B1368FBBCBB}.Debug|x64.ActiveCfg = Debug|x64
		{014FAB36-16EB-47BC-8DC7-7B1368FBBCBB}.Debug|x64.Build.0 = Debug|x64
		{014FAB36-16EB-47BC-8DC7-7B1368FBBCBB}.Debug|x86.ActiveCfg = Debug|Win32
		{014FAB36-16EB-47BC-8DC7-7B1368FBBCBB}.Debug|x86.Build.0 = Debug|Win32
		{014FAB36-16EB-47BC-8DC7-7B1368FBBCBB}.Release|x64.ActiveCfg = Release|x64
		{014FAB36-16EB-47BC-8DC7-7B1368FBBCBB}.Release|x64.Build.0 = Release|x64
		{014FAB36-16EB-47BC-8DC7-7B1368FBBCBB}.Release|x86.ActiveCfg = Release|Win32
		{014FAB36-16EB-47BC-8DC7-7B1368FBBCBB}.Release|x86.Build.0 = Release|Win32
		{B1937C8B-EF58-4E2D-98BF-46B992AB051A}.Debug|x64.ActiveCfg = Debug|x64
		{B1937C8B-EF58-4E2D-98BF-46B992AB051A}.Debug|x64.Build.0 = Debug|x64
		{B1937C8B-EF58-4E2D-98BF-46B992AB051A}.Debug|x86.ActiveCfg = Debug|Win32
		{B1937C8B-EF58-4E2D-98BF-46B992AB051A}.Debug|x86.Build.0 = Debug|Win32
		{B1937C8B-EF58-4E2D-98BF-46B992AB051A}.Release|x64.ActiveCfg = Release|x64
		{B1937C8B-EF58-4E2D-98BF-46B992AB051A}.Release|x64.Build.0 = Release|x64
		{B1937C8B-EF58-4E2D-98BF-46B992AB051A}.Release|x86.ActiveCfg = Release|Win32
		{B1937C8B-EF58-4E2D-98BF-46B992AB051A}.Release|x86.Build.0 = Release|Win32
		{4CF3D2BE-943D-4829-84BE-9C159BD3597C}.Debug|x64.ActiveCfg = Debug|x64
		{4CF3D2BE-943D-4829-84BE-9C159BD3597C}.Debug|x64.Build.0 = Debug|x64
		{4CF3D2BE-943D-4829-84BE-9C159BD3597C}.Debug|x86.ActiveCfg = Debug|Win32
		{4CF3D2BE-943D-4829-84BE-9C159BD3597C}.Debug|x86.Build.0 = Debug|Win32
		{4CF3D2BE-943D-4829-84BE-9C159BD3597C}.Release|x64.ActiveCfg = Release|x64
		{4CF3D2BE-943D-4829-84BE-9C159BD3597C}.Release|x64.Build.0 = Release|x64
		{4CF3D2BE-943D-4829-84BE-9C159BD3597C}.Release|x86.ActiveCfg = Release|Win32
		{4CF3D2BE-943D-4829-84BE-9C159BD3597C}.Release|x86.Build.0 = Release|Win32
		{366B86B6-BFED-4DF5-91F0-0A6F472C53CA}.Debug|x64.ActiveCfg = Debug|x64
		{366B86B6-BFED-4DF5-91F0-0A6F472C53CA}.Debug|x64.Build.0 = Debug|x64
		{366B86B6-BFED-4DF5-91F0-0A6F472C53CA}.Debug|x86.ActiveCfg = Debug|Win32
		{366B86B6-BFED-4DF5-91F0-0A6F472C53CA}.Debug|x86.Build.0 = Debug|Win32
		{366B86B6-BFED-4DF5-91F0-0A6F472C53CA}.Release|x64.ActiveCfg = Release|x64
		{366B86B6-BFED-4DF5-91F0-0A6F472C53CA}.Release|x64.Build.0 = Release|x64
		{366B86B6-BFED-4DF5-91F0-0A6F472C53CA}.Release|x86.ActiveCfg = Release|Win32
		{366B86B6-BFED-4DF5-91F0-0A6F472C53CA}.Release|x86.Build.0 = Release|Win32
		{CB85DA52-D274-4956-99D9-43EEBDD25173}.Debug|x64.ActiveCfg = Debug|x64
		{CB85DA52-D274-4956-99D9-43EEBDD25173}.Debug|x64.Build.0 = Debug|x64
		{CB85DA52-D274-4956-99D9-43EEBDD25173}.Debug|x86.ActiveCfg = Debug|Win32
		{CB85DA52-D274-4956-99D9-43EEBDD25173}.Debug|x86.Build.0 = Debug|Win32
		{CB85DA52-D274-4956-99D9-43EEBDD25173}.Release|x64.ActiveCfg = Release|x64
		{CB85DA52-D274-4956-99D9-43EEBDD25173}.Release|x64.Build.0 = Release|x64
		{CB85DA52-D274-4956-99D9-43EEBDD25173}.Release|x86.ActiveCfg = Release|Win32
		{CB85DA52-D274-4956-99D9-43EEBDD25173}.Release|x86.Build.0 = Release|Win32
	EndGlobalSection
	GlobalSection(SolutionProperties) = preSolution
		HideSolutionNode = FALSE
	EndGlobalSection
EndGlobal
