
Microsoft Visual Studio Solution File, Format Version 12.00
# Visual Studio 14
VisualStudioVersion = 14.0.24720.0
MinimumVisualStudioVersion = 10.0.40219.1
Project("{2150E333-8FDC-42A3-9474-1A3956D46DE8}") = "Solution Items", "Solution Items", "{2DC0A215-552B-4CC7-8E56-F2D2086EB366}"
	ProjectSection(SolutionItems) = preProject
		笔记\c++.md = 笔记\c++.md
	EndProjectSection
EndProject
Project("{8BC9CEB8-8B4A-11D0-8D11-00A0C91BC942}") = "TCPServer", "TCPserver\TCPserver.vcxproj", "{0965D956-278E-4B62-87EB-11C92A5A276A}"
EndProject
Project("{8BC9CEB8-8B4A-11D0-8D11-00A0C91BC942}") = "TCPClient", "TCPClient\TCPClient.vcxproj", "{586F44FE-2452-44DA-A7BD-8837C698A6AD}"
EndProject
Global
	GlobalSection(SolutionConfigurationPlatforms) = preSolution
		Debug|x64 = Debug|x64
		Debug|x86 = Debug|x86
		Release|x64 = Release|x64
		Release|x86 = Release|x86
	EndGlobalSection
	GlobalSection(ProjectConfigurationPlatforms) = postSolution
		{0965D956-278E-4B62-87EB-11C92A5A276A}.Debug|x64.ActiveCfg = Debug|x64
		{0965D956-278E-4B62-87EB-11C92A5A276A}.Debug|x64.Build.0 = Debug|x64
		{0965D956-278E-4B62-87EB-11C92A5A276A}.Debug|x86.ActiveCfg = Debug|Win32
		{0965D956-278E-4B62-87EB-11C92A5A276A}.Debug|x86.Build.0 = Debug|Win32
		{0965D956-278E-4B62-87EB-11C92A5A276A}.Release|x64.ActiveCfg = Release|x64
		{0965D956-278E-4B62-87EB-11C92A5A276A}.Release|x64.Build.0 = Release|x64
		{0965D956-278E-4B62-87EB-11C92A5A276A}.Release|x86.ActiveCfg = Release|Win32
		{0965D956-278E-4B62-87EB-11C92A5A276A}.Release|x86.Build.0 = Release|Win32
		{586F44FE-2452-44DA-A7BD-8837C698A6AD}.Debug|x64.ActiveCfg = Debug|x64
		{586F44FE-2452-44DA-A7BD-8837C698A6AD}.Debug|x64.Build.0 = Debug|x64
		{586F44FE-2452-44DA-A7BD-8837C698A6AD}.Debug|x86.ActiveCfg = Debug|Win32
		{586F44FE-2452-44DA-A7BD-8837C698A6AD}.Debug|x86.Build.0 = Debug|Win32
		{586F44FE-2452-44DA-A7BD-8837C698A6AD}.Release|x64.ActiveCfg = Release|x64
		{586F44FE-2452-44DA-A7BD-8837C698A6AD}.Release|x64.Build.0 = Release|x64
		{586F44FE-2452-44DA-A7BD-8837C698A6AD}.Release|x86.ActiveCfg = Release|Win32
		{586F44FE-2452-44DA-A7BD-8837C698A6AD}.Release|x86.Build.0 = Release|Win32
	EndGlobalSection
	GlobalSection(SolutionProperties) = preSolution
		HideSolutionNode = FALSE
	EndGlobalSection
EndGlobal
